dependencies:
- name: prometheus
  repository: https://prometheus-community.github.io/helm-charts
  version: 25.30.2
- name: grafana
  repository: https://grafana.github.io/helm-charts
  version: 8.15.0
- name: prometheus-node-exporter
  repository: https://prometheus-community.github.io/helm-charts
  version: 4.54.0
- name: prometheus-postgres-exporter
  repository: https://prometheus-community.github.io/helm-charts
  version: 6.10.2
digest: sha256:9ae9dfbb060240a89f23aae52ab2961d5950eb21c5840f385c45f0f4a8a7ed12
generated: "2026-04-29T17:45:36.393587014-03:00"
